
Microsoft Visual Studio Solution File, Format Version 12.00
# Visual Studio 15
VisualStudioVersion = 15.0.26124.0
MinimumVisualStudioVersion = 15.0.26124.0
Project("{2150E333-8FDC-42A3-9474-1A3956D46DE8}") = "src", "src", "{634BF093-0E7E-4D50-BD58-4526E045FF21}"
EndProject
Project("{FAE04EC0-301F-11D3-BF4B-00C04F79EFBC}") = "PrimeService", "src\PrimeService\PrimeService.csproj", "{F62600EF-EF32-4367-8882-DF7E32D95291}"
EndProject
Project("{2150E333-8FDC-42A3-9474-1A3956D46DE8}") = "tests", "tests", "{89F27EE7-BFD6-46B9-AA1D-D677683F4FFC}"
EndProject
Project("{FAE04EC0-301F-11D3-BF4B-00C04F79EFBC}") = "PrimeService.Tests", "tests\PrimeService.Tests\PrimeService.Tests.csproj", "{A5F70AE9-48D6-430E-867D-593A2A43AFD2}"
EndProject
Global
	GlobalSection(SolutionConfigurationPlatforms) = preSolution
		Debug|Any CPU = Debug|Any CPU
		Debug|x64 = Debug|x64
		Debug|x86 = Debug|x86
		Release|Any CPU = Release|Any CPU
		Release|x64 = Release|x64
		Release|x86 = Release|x86
	EndGlobalSection
	GlobalSection(SolutionProperties) = preSolution
		HideSolutionNode = FALSE
	EndGlobalSection
	GlobalSection(ProjectConfigurationPlatforms) = postSolution
		{F62600EF-EF32-4367-8882-DF7E32D95291}.Debug|Any CPU.ActiveCfg = Debug|Any CPU
		{F62600EF-EF32-4367-8882-DF7E32D95291}.Debug|Any CPU.Build.0 = Debug|Any CPU
		{F62600EF-EF32-4367-8882-DF7E32D95291}.Debug|x64.ActiveCfg = Debug|Any CPU
		{F62600EF-EF32-4367-8882-DF7E32D95291}.Debug|x64.Build.0 = Debug|Any CPU
		{F62600EF-EF32-4367-8882-DF7E32D95291}.Debug|x86.ActiveCfg = Debug|Any CPU
		{F62600EF-EF32-4367-8882-DF7E32D95291}.Debug|x86.Build.0 = Debug|Any CPU
		{F62600EF-EF32-4367-8882-DF7E32D95291}.Release|Any CPU.ActiveCfg = Release|Any CPU
		{F62600EF-EF32-4367-8882-DF7E32D95291}.Release|Any CPU.Build.0 = Release|Any CPU
		{F62600EF-EF32-4367-8882-DF7E32D95291}.Release|x64.ActiveCfg = Release|Any CPU
		{F62600EF-EF32-4367-8882-DF7E32D95291}.Release|x64.Build.0 = Release|Any CPU
		{F62600EF-EF32-4367-8882-DF7E32D95291}.Release|x86.ActiveCfg = Release|Any CPU
		{F62600EF-EF32-4367-8882-DF7E32D95291}.Release|x86.Build.0 = Release|Any CPU
		{A5F70AE9-48D6-430E-867D-593A2A43AFD2}.Debug|Any CPU.ActiveCfg = Debug|Any CPU
		{A5F70AE9-48D6-430E-867D-593A2A43AFD2}.Debug|Any CPU.Build.0 = Debug|Any CPU
		{A5F70AE9-48D6-430E-867D-593A2A43AFD2}.Debug|x64.ActiveCfg = Debug|Any CPU
		{A5F70AE9-48D6-430E-867D-593A2A43AFD2}.Debug|x64.Build.0 = Debug|Any CPU
		{A5F70AE9-48D6-430E-867D-593A2A43AFD2}.Debug|x86.ActiveCfg = Debug|Any CPU
		{A5F70AE9-48D6-430E-867D-593A2A43AFD2}.Debug|x86.Build.0 = Debug|Any CPU
		{A5F70AE9-48D6-430E-867D-593A2A43AFD2}.Release|Any CPU.ActiveCfg = Release|Any CPU
		{A5F70AE9-48D6-430E-867D-593A2A43AFD2}.Release|Any CPU.Build.0 = Release|Any CPU
		{A5F70AE9-48D6-430E-867D-593A2A43AFD2}.Release|x64.ActiveCfg = Release|Any CPU
		{A5F70AE9-48D6-430E-867D-593A2A43AFD2}.Release|x64.Build.0 = Release|Any CPU
		{A5F70AE9-48D6-430E-867D-593A2A43AFD2}.Release|x86.ActiveCfg = Release|Any CPU
		{A5F70AE9-48D6-430E-867D-593A2A43AFD2}.Release|x86.Build.0 = Release|Any CPU
	EndGlobalSection
	GlobalSection(NestedProjects) = preSolution
		{F62600EF-EF32-4367-8882-DF7E32D95291} = {634BF093-0E7E-4D50-BD58-4526E045FF21}
		{A5F70AE9-48D6-430E-867D-593A2A43AFD2} = {89F27EE7-BFD6-46B9-AA1D-D677683F4FFC}
	EndGlobalSection
EndGlobal
