
Microsoft Visual Studio Solution File, Format Version 12.00
# Visual Studio 15
VisualStudioVersion = 15.0.26124.0
MinimumVisualStudioVersion = 15.0.26124.0
Project("{2150E333-8FDC-42A3-9474-1A3956D46DE8}") = "src", "src", "{122CE250-B921-4277-9549-F27A69E248A7}"
EndProject
Project("{FAE04EC0-301F-11D3-BF4B-00C04F79EFBC}") = "PrimeServiceProject", "src\PrimeServiceProject\PrimeServiceProject.csproj", "{C7FE60BC-8698-4378-83F9-218D64D89822}"
EndProject
Project("{2150E333-8FDC-42A3-9474-1A3956D46DE8}") = "tests", "tests", "{F6DBE284-6159-4C9F-9CDF-E67B779F6ED0}"
EndProject
Project("{FAE04EC0-301F-11D3-BF4B-00C04F79EFBC}") = "PrimeServiceProject.Tests", "tests\PrimeServiceProject.Tests\PrimeServiceProject.Tests.csproj", "{23C3E08C-3553-4F2A-AD83-F5DCC816231C}"
EndProject
Global
	GlobalSection(SolutionConfigurationPlatforms) = preSolution
		Debug|Any CPU = Debug|Any CPU
		Debug|x64 = Debug|x64
		Debug|x86 = Debug|x86
		Release|Any CPU = Release|Any CPU
		Release|x64 = Release|x64
		Release|x86 = Release|x86
	EndGlobalSection
	GlobalSection(SolutionProperties) = preSolution
		HideSolutionNode = FALSE
	EndGlobalSection
	GlobalSection(ProjectConfigurationPlatforms) = postSolution
		{C7FE60BC-8698-4378-83F9-218D64D89822}.Debug|Any CPU.ActiveCfg = Debug|Any CPU
		{C7FE60BC-8698-4378-83F9-218D64D89822}.Debug|Any CPU.Build.0 = Debug|Any CPU
		{C7FE60BC-8698-4378-83F9-218D64D89822}.Debug|x64.ActiveCfg = Debug|Any CPU
		{C7FE60BC-8698-4378-83F9-218D64D89822}.Debug|x64.Build.0 = Debug|Any CPU
		{C7FE60BC-8698-4378-83F9-218D64D89822}.Debug|x86.ActiveCfg = Debug|Any CPU
		{C7FE60BC-8698-4378-83F9-218D64D89822}.Debug|x86.Build.0 = Debug|Any CPU
		{C7FE60BC-8698-4378-83F9-218D64D89822}.Release|Any CPU.ActiveCfg = Release|Any CPU
		{C7FE60BC-8698-4378-83F9-218D64D89822}.Release|Any CPU.Build.0 = Release|Any CPU
		{C7FE60BC-8698-4378-83F9-218D64D89822}.Release|x64.ActiveCfg = Release|Any CPU
		{C7FE60BC-8698-4378-83F9-218D64D89822}.Release|x64.Build.0 = Release|Any CPU
		{C7FE60BC-8698-4378-83F9-218D64D89822}.Release|x86.ActiveCfg = Release|Any CPU
		{C7FE60BC-8698-4378-83F9-218D64D89822}.Release|x86.Build.0 = Release|Any CPU
		{23C3E08C-3553-4F2A-AD83-F5DCC816231C}.Debug|Any CPU.ActiveCfg = Debug|Any CPU
		{23C3E08C-3553-4F2A-AD83-F5DCC816231C}.Debug|Any CPU.Build.0 = Debug|Any CPU
		{23C3E08C-3553-4F2A-AD83-F5DCC816231C}.Debug|x64.ActiveCfg = Debug|Any CPU
		{23C3E08C-3553-4F2A-AD83-F5DCC816231C}.Debug|x64.Build.0 = Debug|Any CPU
		{23C3E08C-3553-4F2A-AD83-F5DCC816231C}.Debug|x86.ActiveCfg = Debug|Any CPU
		{23C3E08C-3553-4F2A-AD83-F5DCC816231C}.Debug|x86.Build.0 = Debug|Any CPU
		{23C3E08C-3553-4F2A-AD83-F5DCC816231C}.Release|Any CPU.ActiveCfg = Release|Any CPU
		{23C3E08C-3553-4F2A-AD83-F5DCC816231C}.Release|Any CPU.Build.0 = Release|Any CPU
		{23C3E08C-3553-4F2A-AD83-F5DCC816231C}.Release|x64.ActiveCfg = Release|Any CPU
		{23C3E08C-3553-4F2A-AD83-F5DCC816231C}.Release|x64.Build.0 = Release|Any CPU
		{23C3E08C-3553-4F2A-AD83-F5DCC816231C}.Release|x86.ActiveCfg = Release|Any CPU
		{23C3E08C-3553-4F2A-AD83-F5DCC816231C}.Release|x86.Build.0 = Release|Any CPU
	EndGlobalSection
	GlobalSection(NestedProjects) = preSolution
		{C7FE60BC-8698-4378-83F9-218D64D89822} = {122CE250-B921-4277-9549-F27A69E248A7}
		{23C3E08C-3553-4F2A-AD83-F5DCC816231C} = {F6DBE284-6159-4C9F-9CDF-E67B779F6ED0}
	EndGlobalSection
EndGlobal
